{
  "originHash" : "004eea2910f5afd16bc4b0bd27bb7b42eda948b3f0ff8465980f43a05252e3e5",
  "pins" : [
    {
      "identity" : "grdb.swift",
      "kind" : "remoteSourceControl",
      "location" : "https://github.com/groue/GRDB.swift.git",
      "state" : {
        "revision" : "aa0079aeb82a4bf00324561a40bffe68c6fe1c26",
        "version" : "7.9.0"
      }
    },
    {
      "identity" : "gtfs",
      "kind" : "remoteSourceControl",
      "location" : "https://github.com/emma-k-alexandra/GTFS.git",
      "state" : {
        "revision" : "92197f4c41aba53889a2db1e2e9d6dbe4022a223",
        "version" : "1.0.1"
      }
    },
    {
      "identity" : "swift-protobuf",
      "kind" : "remoteSourceControl",
      "location" : "https://github.com/apple/swift-protobuf.git",
      "state" : {
        "revision" : "c5ab62237f21cad094812719a1bbe29443407c5f",
        "version" : "1.34.1"
      }
    }
  ],
  "version" : 3
}
